PODS:
  - DHMoreApps (0.1.10):
    - SDWebImage
  - SDWebImage (5.0.1):
    - SDWebImage/Core (= 5.0.1)
  - SDWebImage/Core (5.0.1)

DEPENDENCIES:
  - DHMoreApps (from `../`)

SPEC REPOS:
  https://github.com/cocoapods/specs.git:
    - SDWebImage

EXTERNAL SOURCES:
  DHMoreApps:
    :path: "../"

SPEC CHECKSUMS:
  DHMoreApps: ebc92bacdfc0e379659d7808a6a7961d417bf736
  SDWebImage: 27dd2c9ea07a2252f94557c9fbb6105ee94b74c9

PODFILE CHECKSUM: 1acbb89a005e7ab7fc591dd4fff489feab29911c

COCOAPODS: 1.5.3
