PODS:
  - DHMoreApps (0.1.10):
    - SDWebImage
  - SDWebImage (5.0.0):
    - SDWebImage/Core (= 5.0.0)
  - SDWebImage/Core (5.0.0)

DEPENDENCIES:
  - DHMoreApps (from `../`)

SPEC REPOS:
  https://github.com/cocoapods/specs.git:
    - SDWebImage

EXTERNAL SOURCES:
  DHMoreApps:
    :path: "../"

SPEC CHECKSUMS:
  DHMoreApps: 94bf85da572d473e1fc6f8fd61cbf5e08082c9a2
  SDWebImage: 5de80a0302de9e377e62f47d2fa1304efff0e55f

PODFILE CHECKSUM: 1acbb89a005e7ab7fc591dd4fff489feab29911c

COCOAPODS: 1.6.1
